
Microsoft Visual Studio Solution File, Format Version 12.00
# Visual Studio 14
VisualStudioVersion = 14.0.23107.0
MinimumVisualStudioVersion = 10.0.40219.1
Project("{2150E333-8FDC-42A3-9474-1A3956D46DE8}") = "Elementos de la solución", "Elementos de la solución", "{4975B43C-B81A-466A-9BFB-A2FD328D8134}"
	ProjectSection(SolutionItems) = preProject
		Readme.txt = Readme.txt
	EndProjectSection
EndProject
Project("{FAE04EC0-301F-11D3-BF4B-00C04F79EFBC}") = "GestorFinanzasPersonales.LN", "GestorFinanzasPersonales.LN\GestorFinanzasPersonales.LN.csproj", "{891EF00E-949B-46DA-8168-791DB496F908}"
EndProject
Project("{FAE04EC0-301F-11D3-BF4B-00C04F79EFBC}") = "GestorFinanzasPersonales.CAD", "GestorFinanzasPersonales.CAD\GestorFinanzasPersonales.CAD.csproj", "{6B7A854F-FA13-4CE6-844A-55EC32D3FD87}"
EndProject
Project("{FAE04EC0-301F-11D3-BF4B-00C04F79EFBC}") = "Portal-WebForms", "Portal\Portal-WebForms.csproj", "{1CDC7FE6-02A6-4A27-9D53-721074F5B867}"
EndProject
Global
	GlobalSection(SolutionConfigurationPlatforms) = preSolution
		Debug|Any CPU = Debug|Any CPU
		Release|Any CPU = Release|Any CPU
	EndGlobalSection
	GlobalSection(ProjectConfigurationPlatforms) = postSolution
		{891EF00E-949B-46DA-8168-791DB496F908}.Debug|Any CPU.ActiveCfg = Debug|Any CPU
		{891EF00E-949B-46DA-8168-791DB496F908}.Debug|Any CPU.Build.0 = Debug|Any CPU
		{891EF00E-949B-46DA-8168-791DB496F908}.Release|Any CPU.ActiveCfg = Release|Any CPU
		{891EF00E-949B-46DA-8168-791DB496F908}.Release|Any CPU.Build.0 = Release|Any CPU
		{6B7A854F-FA13-4CE6-844A-55EC32D3FD87}.Debug|Any CPU.ActiveCfg = Debug|Any CPU
		{6B7A854F-FA13-4CE6-844A-55EC32D3FD87}.Debug|Any CPU.Build.0 = Debug|Any CPU
		{6B7A854F-FA13-4CE6-844A-55EC32D3FD87}.Release|Any CPU.ActiveCfg = Release|Any CPU
		{6B7A854F-FA13-4CE6-844A-55EC32D3FD87}.Release|Any CPU.Build.0 = Release|Any CPU
		{1CDC7FE6-02A6-4A27-9D53-721074F5B867}.Debug|Any CPU.ActiveCfg = Debug|Any CPU
		{1CDC7FE6-02A6-4A27-9D53-721074F5B867}.Debug|Any CPU.Build.0 = Debug|Any CPU
		{1CDC7FE6-02A6-4A27-9D53-721074F5B867}.Release|Any CPU.ActiveCfg = Release|Any CPU
		{1CDC7FE6-02A6-4A27-9D53-721074F5B867}.Release|Any CPU.Build.0 = Release|Any CPU
	EndGlobalSection
	GlobalSection(SolutionProperties) = preSolution
		HideSolutionNode = FALSE
	EndGlobalSection
EndGlobal
